// !$*UTF8*$!
{
	archiveVersion = 1;
	classes = {
	};
	objectVersion = 46;
	objects = {

/* Begin PBXBuildFile section */
		367B200C1ED204B2000F2BFA /* NamePictureCell.swift in Sources */ = {isa = PBXBuildFile; fileRef = 367B200A1ED204B2000F2BFA /* NamePictureCell.swift */; };
		367B200D1ED204B2000F2BFA /* NamePictureCell.xib in Resources */ = {isa = PBXBuildFile; fileRef = 367B200B1ED204B2000F2BFA /* NamePictureCell.xib */; };
		367B20101ED20504000F2BFA /* AboutCell.swift in Sources */ = {isa = PBXBuildFile; fileRef = 367B200E1ED20504000F2BFA /* AboutCell.swift */; };
		367B20111ED20504000F2BFA /* AboutCell.xib in Resources */ = {isa = PBXBuildFile; fileRef = 367B200F1ED20504000F2BFA /* AboutCell.xib */; };
		367B20141ED209D9000F2BFA /* FriendCell.swift in Sources */ = {isa = PBXBuildFile; fileRef = 367B20121ED209D9000F2BFA /* FriendCell.swift */; };
		367B20151ED209D9000F2BFA /* FriendCell.xib in Resources */ = {isa = PBXBuildFile; fileRef = 367B20131ED209D9000F2BFA /* FriendCell.xib */; };
		367B20181ED20BC0000F2BFA /* AttributeCell.swift in Sources */ = {isa = PBXBuildFile; fileRef = 367B20161ED20BC0000F2BFA /* AttributeCell.swift */; };
		367B20191ED20BC0000F2BFA /* AttributeCell.xib in Resources */ = {isa = PBXBuildFile; fileRef = 367B20171ED20BC0000F2BFA /* AttributeCell.xib */; };
		367B201C1ED211F3000F2BFA /* EmailCell.swift in Sources */ = {isa = PBXBuildFile; fileRef = 367B201A1ED211F3000F2BFA /* EmailCell.swift */; };
		367B201D1ED211F3000F2BFA /* EmailCell.xib in Resources */ = {isa = PBXBuildFile; fileRef = 367B201B1ED211F3000F2BFA /* EmailCell.xib */; };
		36C0EC7F1EB00BFC0039B330 /* AppDelegate.swift in Sources */ = {isa = PBXBuildFile; fileRef = 36C0EC7E1EB00BFC0039B330 /* AppDelegate.swift */; };
		36C0EC811EB00BFC0039B330 /* ViewController.swift in Sources */ = {isa = PBXBuildFile; fileRef = 36C0EC801EB00BFC0039B330 /* ViewController.swift */; };
		36C0EC841EB00BFC0039B330 /* Main.storyboard in Resources */ = {isa = PBXBuildFile; fileRef = 36C0EC821EB00BFC0039B330 /* Main.storyboard */; };
		36C0EC861EB00BFC0039B330 /* Assets.xcassets in Resources */ = {isa = PBXBuildFile; fileRef = 36C0EC851EB00BFC0039B330 /* Assets.xcassets */; };
		36C0EC891EB00BFC0039B330 /* LaunchScreen.storyboard in Resources */ = {isa = PBXBuildFile; fileRef = 36C0EC871EB00BFC0039B330 /* LaunchScreen.storyboard */; };
		36C0EC911EB00C4A0039B330 /* ServerData.json in Resources */ = {isa = PBXBuildFile; fileRef = 36C0EC901EB00C4A0039B330 /* ServerData.json */; };
		36C0EC931EB00C710039B330 /* ProfileModel.swift in Sources */ = {isa = PBXBuildFile; fileRef = 36C0EC921EB00C710039B330 /* ProfileModel.swift */; };
		36C0EC951EB00E290039B330 /* ProfileViewModel.swift in Sources */ = {isa = PBXBuildFile; fileRef = 36C0EC941EB00E290039B330 /* ProfileViewModel.swift */; };
/* End PBXBuildFile section */

/* Begin PBXFileReference section */
		367B200A1ED204B2000F2BFA /* NamePictureCell.swift */ = {isa = PBXFileReference; fileEncoding = 4; lastKnownFileType = sourcecode.swift; path = NamePictureCell.swift; sourceTree = "<group>"; };
		367B200B1ED204B2000F2BFA /* NamePictureCell.xib */ = {isa = PBXFileReference; fileEncoding = 4; lastKnownFileType = file.xib; path = NamePictureCell.xib; sourceTree = "<group>"; };
		367B200E1ED20504000F2BFA /* AboutCell.swift */ = {isa = PBXFileReference; fileEncoding = 4; lastKnownFileType = sourcecode.swift; path = AboutCell.swift; sourceTree = "<group>"; };
		367B200F1ED20504000F2BFA /* AboutCell.xib */ = {isa = PBXFileReference; fileEncoding = 4; lastKnownFileType = file.xib; path = AboutCell.xib; sourceTree = "<group>"; };
		367B20121ED209D9000F2BFA /* FriendCell.swift */ = {isa = PBXFileReference; fileEncoding = 4; lastKnownFileType = sourcecode.swift; path = FriendCell.swift; sourceTree = "<group>"; };
		367B20131ED209D9000F2BFA /* FriendCell.xib */ = {isa = PBXFileReference; fileEncoding = 4; lastKnownFileType = file.xib; path = FriendCell.xib; sourceTree = "<group>"; };
		367B20161ED20BC0000F2BFA /* AttributeCell.swift */ = {isa = PBXFileReference; fileEncoding = 4; lastKnownFileType = sourcecode.swift; path = AttributeCell.swift; sourceTree = "<group>"; };
		367B20171ED20BC0000F2BFA /* AttributeCell.xib */ = {isa = PBXFileReference; fileEncoding = 4; lastKnownFileType = file.xib; path = AttributeCell.xib; sourceTree = "<group>"; };
		367B201A1ED211F3000F2BFA /* EmailCell.swift */ = {isa = PBXFileReference; fileEncoding = 4; lastKnownFileType = sourcecode.swift; path = EmailCell.swift; sourceTree = "<group>"; };
		367B201B1ED211F3000F2BFA /* EmailCell.xib */ = {isa = PBXFileReference; fileEncoding = 4; lastKnownFileType = file.xib; path = EmailCell.xib; sourceTree = "<group>"; };
		36C0EC7B1EB00BFC0039B330 /* TableViewWithMultipleCellTypes.app */ = {isa = PBXFileReference; explicitFileType = wrapper.application; includeInIndex = 0; path = TableViewWithMultipleCellTypes.app; sourceTree = BUILT_PRODUCTS_DIR; };
		36C0EC7E1EB00BFC0039B330 /* AppDelegate.swift */ = {isa = PBXFileReference; lastKnownFileType = sourcecode.swift; path = AppDelegate.swift; sourceTree = "<group>"; };
		36C0EC801EB00BFC0039B330 /* ViewController.swift */ = {isa = PBXFileReference; lastKnownFileType = sourcecode.swift; path = ViewController.swift; sourceTree = "<group>"; };
		36C0EC831EB00BFC0039B330 /* Base */ = {isa = PBXFileReference; lastKnownFileType = file.storyboard; name = Base; path = Base.lproj/Main.storyboard; sourceTree = "<group>"; };
		36C0EC851EB00BFC0039B330 /* Assets.xcassets */ = {isa = PBXFileReference; lastKnownFileType = folder.assetcatalog; path = Assets.xcassets; sourceTree = "<group>"; };
		36C0EC881EB00BFC0039B330 /* Base */ = {isa = PBXFileReference; lastKnownFileType = file.storyboard; name = Base; path = Base.lproj/LaunchScreen.storyboard; sourceTree = "<group>"; };
		36C0EC8A1EB00BFC0039B330 /* Info.plist */ = {isa = PBXFileReference; lastKnownFileType = text.plist.xml; path = Info.plist; sourceTree = "<group>"; };
		36C0EC901EB00C4A0039B330 /* ServerData.json */ = {isa = PBXFileReference; fileEncoding = 4; lastKnownFileType = text.json; path = ServerData.json; sourceTree = "<group>"; };
		36C0EC921EB00C710039B330 /* ProfileModel.swift */ = {isa = PBXFileReference; fileEncoding = 4; lastKnownFileType = sourcecode.swift; path = ProfileModel.swift; sourceTree = "<group>"; };
		36C0EC941EB00E290039B330 /* ProfileViewModel.swift */ = {isa = PBXFileReference; fileEncoding = 4; lastKnownFileType = sourcecode.swift; path = ProfileViewModel.swift; sourceTree = "<group>"; };
/* End PBXFileReference section */

/* Begin PBXFrameworksBuildPhase section */
		36C0EC781EB00BFC0039B330 /* Frameworks */ = {
			isa = PBXFrameworksBuildPhase;
			buildActionMask = 2147483647;
			files = (
			);
			runOnlyForDeploymentPostprocessing = 0;
		};
/* End PBXFrameworksBuildPhase section */

/* Begin PBXGroup section */
		367B20051ED20174000F2BFA /* Table View Cells */ = {
			isa = PBXGroup;
			children = (
				367B200A1ED204B2000F2BFA /* NamePictureCell.swift */,
				367B200B1ED204B2000F2BFA /* NamePictureCell.xib */,
				367B200E1ED20504000F2BFA /* AboutCell.swift */,
				367B200F1ED20504000F2BFA /* AboutCell.xib */,
				367B20121ED209D9000F2BFA /* FriendCell.swift */,
				367B20131ED209D9000F2BFA /* FriendCell.xib */,
				367B20161ED20BC0000F2BFA /* AttributeCell.swift */,
				367B20171ED20BC0000F2BFA /* AttributeCell.xib */,
				367B201A1ED211F3000F2BFA /* EmailCell.swift */,
				367B201B1ED211F3000F2BFA /* EmailCell.xib */,
			);
			name = "Table View Cells";
			sourceTree = "<group>";
		};
		36C0EC721EB00BFB0039B330 = {
			isa = PBXGroup;
			children = (
				36C0EC7D1EB00BFC0039B330 /* TableViewWithMultipleCellTypes */,
				36C0EC7C1EB00BFC0039B330 /* Products */,
			);
			sourceTree = "<group>";
		};
		36C0EC7C1EB00BFC0039B330 /* Products */ = {
			isa = PBXGroup;
			children = (
				36C0EC7B1EB00BFC0039B330 /* TableViewWithMultipleCellTypes.app */,
			);
			name = Products;
			sourceTree = "<group>";
		};
		36C0EC7D1EB00BFC0039B330 /* TableViewWithMultipleCellTypes */ = {
			isa = PBXGroup;
			children = (
				367B20051ED20174000F2BFA /* Table View Cells */,
				36C0EC7E1EB00BFC0039B330 /* AppDelegate.swift */,
				36C0EC801EB00BFC0039B330 /* ViewController.swift */,
				36C0EC901EB00C4A0039B330 /* ServerData.json */,
				36C0EC821EB00BFC0039B330 /* Main.storyboard */,
				36C0EC851EB00BFC0039B330 /* Assets.xcassets */,
				36C0EC871EB00BFC0039B330 /* LaunchScreen.storyboard */,
				36C0EC8A1EB00BFC0039B330 /* Info.plist */,
				36C0EC921EB00C710039B330 /* ProfileModel.swift */,
				36C0EC941EB00E290039B330 /* ProfileViewModel.swift */,
			);
			path = TableViewWithMultipleCellTypes;
			sourceTree = "<group>";
		};
/* End PBXGroup section */

/* Begin PBXNativeTarget section */
		36C0EC7A1EB00BFC0039B330 /* TableViewWithMultipleCellTypes */ = {
			isa = PBXNativeTarget;
			buildConfigurationList = 36C0EC8D1EB00BFC0039B330 /* Build configuration list for PBXNativeTarget "TableViewWithMultipleCellTypes" */;
			buildPhases = (
				36C0EC771EB00BFC0039B330 /* Sources */,
				36C0EC781EB00BFC0039B330 /* Frameworks */,
				36C0EC791EB00BFC0039B330 /* Resources */,
			);
			buildRules = (
			);
			dependencies = (
			);
			name = TableViewWithMultipleCellTypes;
			productName = TableViewWithMultipleCellTypes;
			productReference = 36C0EC7B1EB00BFC0039B330 /* TableViewWithMultipleCellTypes.app */;
			productType = "com.apple.product-type.application";
		};
/* End PBXNativeTarget section */

/* Begin PBXProject section */
		36C0EC731EB00BFB0039B330 /* Project object */ = {
			isa = PBXProject;
			attributes = {
				LastSwiftUpdateCheck = 0830;
				LastUpgradeCheck = 0830;
				ORGANIZATIONNAME = "Stanislav Ostrovskiy";
				TargetAttributes = {
					36C0EC7A1EB00BFC0039B330 = {
						CreatedOnToolsVersion = 8.3.1;
						DevelopmentTeam = 5YJM63K9RT;
						ProvisioningStyle = Automatic;
					};
				};
			};
			buildConfigurationList = 36C0EC761EB00BFC0039B330 /* Build configuration list for PBXProject "TableViewWithMultipleCellTypes" */;
			compatibilityVersion = "Xcode 3.2";
			developmentRegion = English;
			hasScannedForEncodings = 0;
			knownRegions = (
				en,
				Base,
			);
			mainGroup = 36C0EC721EB00BFB0039B330;
			productRefGroup = 36C0EC7C1EB00BFC0039B330 /* Products */;
			projectDirPath = "";
			projectRoot = "";
			targets = (
				36C0EC7A1EB00BFC0039B330 /* TableViewWithMultipleCellTypes */,
			);
		};
/* End PBXProject section */

/* Begin PBXResourcesBuildPhase section */
		36C0EC791EB00BFC0039B330 /* Resources */ = {
			isa = PBXResourcesBuildPhase;
			buildActionMask = 2147483647;
			files = (
				36C0EC911EB00C4A0039B330 /* ServerData.json in Resources */,
				36C0EC891EB00BFC0039B330 /* LaunchScreen.storyboard in Resources */,
				367B200D1ED204B2000F2BFA /* NamePictureCell.xib in Resources */,
				367B201D1ED211F3000F2BFA /* EmailCell.xib in Resources */,
				367B20151ED209D9000F2BFA /* FriendCell.xib in Resources */,
				367B20111ED20504000F2BFA /* AboutCell.xib in Resources */,
				36C0EC861EB00BFC0039B330 /* Assets.xcassets in Resources */,
				367B20191ED20BC0000F2BFA /* AttributeCell.xib in Resources */,
				36C0EC841EB00BFC0039B330 /* Main.storyboard in Resources */,
			);
			runOnlyForDeploymentPostprocessing = 0;
		};
/* End PBXResourcesBuildPhase section */

/* Begin PBXSourcesBuildPhase section */
		36C0EC771EB00BFC0039B330 /* Sources */ = {
			isa = PBXSourcesBuildPhase;
			buildActionMask = 2147483647;
			files = (
				367B20141ED209D9000F2BFA /* FriendCell.swift in Sources */,
				36C0EC931EB00C710039B330 /* ProfileModel.swift in Sources */,
				367B20181ED20BC0000F2BFA /* AttributeCell.swift in Sources */,
				36C0EC811EB00BFC0039B330 /* ViewController.swift in Sources */,
				36C0EC951EB00E290039B330 /* ProfileViewModel.swift in Sources */,
				36C0EC7F1EB00BFC0039B330 /* AppDelegate.swift in Sources */,
				367B200C1ED204B2000F2BFA /* NamePictureCell.swift in Sources */,
				367B201C1ED211F3000F2BFA /* EmailCell.swift in Sources */,
				367B20101ED20504000F2BFA /* AboutCell.swift in Sources */,
			);
			runOnlyForDeploymentPostprocessing = 0;
		};
/* End PBXSourcesBuildPhase section */

/* Begin PBXVariantGroup section */
		36C0EC821EB00BFC0039B330 /* Main.storyboard */ = {
			isa = PBXVariantGroup;
			children = (
				36C0EC831EB00BFC0039B330 /* Base */,
			);
			name = Main.storyboard;
			sourceTree = "<group>";
		};
		36C0EC871EB00BFC0039B330 /* LaunchScreen.storyboard */ = {
			isa = PBXVariantGroup;
			children = (
				36C0EC881EB00BFC0039B330 /* Base */,
			);
			name = LaunchScreen.storyboard;
			sourceTree = "<group>";
		};
/* End PBXVariantGroup section */

/* Begin XCBuildConfiguration section */
		36C0EC8B1EB00BFC0039B330 /* Debug */ = {
			isa = XCBuildConfiguration;
			buildSettings = {
				ALWAYS_SEARCH_USER_PATHS = NO;
				CLANG_ANALYZER_NONNULL = YES;
				CLANG_ANALYZER_NUMBER_OBJECT_CONVERSION = YES_AGGRESSIVE;
				CLANG_CXX_LANGUAGE_STANDARD = "gnu++0x";
				CLANG_CXX_LIBRARY = "libc++";
				CLANG_ENABLE_MODULES = YES;
				CLANG_ENABLE_OBJC_ARC = YES;
				CLANG_WARN_BOOL_CONVERSION = YES;
				CLANG_WARN_CONSTANT_CONVERSION = YES;
				CLANG_WARN_DIRECT_OBJC_ISA_USAGE = YES_ERROR;
				CLANG_WARN_DOCUMENTATION_COMMENTS = YES;
				CLANG_WARN_EMPTY_BODY = YES;
				CLANG_WARN_ENUM_CONVERSION = YES;
				CLANG_WARN_INFINITE_RECURSION = YES;
				CLANG_WARN_INT_CONVERSION = YES;
				CLANG_WARN_OBJC_ROOT_CLASS = YES_ERROR;
				CLANG_WARN_SUSPICIOUS_MOVE = YES;
				CLANG_WARN_UNREACHABLE_CODE = YES;
				CLANG_WARN__DUPLICATE_METHOD_MATCH = YES;
				"CODE_SIGN_IDENTITY[sdk=iphoneos*]" = "iPhone Developer";
				COPY_PHASE_STRIP = NO;
				DEBUG_INFORMATION_FORMAT = dwarf;
				ENABLE_STRICT_OBJC_MSGSEND = YES;
				ENABLE_TESTABILITY = YES;
				GCC_C_LANGUAGE_STANDARD = gnu99;
				GCC_DYNAMIC_NO_PIC = NO;
				GCC_NO_COMMON_BLOCKS = YES;
				GCC_OPTIMIZATION_LEVEL = 0;
				GCC_PREPROCESSOR_DEFINITIONS = (
					"DEBUG=1",
					"$(inherited)",
				);
				GCC_WARN_64_TO_32_BIT_CONVERSION = YES;
				GCC_WARN_ABOUT_RETURN_TYPE = YES_ERROR;
				GCC_WARN_UNDECLARED_SELECTOR = YES;
				GCC_WARN_UNINITIALIZED_AUTOS = YES_AGGRESSIVE;
				GCC_WARN_UNUSED_FUNCTION = YES;
				GCC_WARN_UNUSED_VARIABLE = YES;
				IPHONEOS_DEPLOYMENT_TARGET = 10.3;
				MTL_ENABLE_DEBUG_INFO = YES;
				ONLY_ACTIVE_ARCH = YES;
				SDKROOT = iphoneos;
				SWIFT_ACTIVE_COMPILATION_CONDITIONS = DEBUG;
				SWIFT_OPTIMIZATION_LEVEL = "-Onone";
			};
			name = Debug;
		};
		36C0EC8C1EB00BFC0039B330 /* Release */ = {
			isa = XCBuildConfiguration;
			buildSettings = {
				ALWAYS_SEARCH_USER_PATHS = NO;
				CLANG_ANALYZER_NONNULL = YES;
				CLANG_ANALYZER_NUMBER_OBJECT_CONVERSION = YES_AGGRESSIVE;
				CLANG_CXX_LANGUAGE_STANDARD = "gnu++0x";
				CLANG_CXX_LIBRARY = "libc++";
				CLANG_ENABLE_MODULES = YES;
				CLANG_ENABLE_OBJC_ARC = YES;
				CLANG_WARN_BOOL_CONVERSION = YES;
				CLANG_WARN_CONSTANT_CONVERSION = YES;
				CLANG_WARN_DIRECT_OBJC_ISA_USAGE = YES_ERROR;
				CLANG_WARN_DOCUMENTATION_COMMENTS = YES;
				CLANG_WARN_EMPTY_BODY = YES;
				CLANG_WARN_ENUM_CONVERSION = YES;
				CLANG_WARN_INFINITE_RECURSION = YES;
				CLANG_WARN_INT_CONVERSION = YES;
				CLANG_WARN_OBJC_ROOT_CLASS = YES_ERROR;
				CLANG_WARN_SUSPICIOUS_MOVE = YES;
				CLANG_WARN_UNREACHABLE_CODE = YES;
				CLANG_WARN__DUPLICATE_METHOD_MATCH = YES;
				"CODE_SIGN_IDENTITY[sdk=iphoneos*]" = "iPhone Developer";
				COPY_PHASE_STRIP = NO;
				DEBUG_INFORMATION_FORMAT = "dwarf-with-dsym";
				ENABLE_NS_ASSERTIONS = NO;
				ENABLE_STRICT_OBJC_MSGSEND = YES;
				GCC_C_LANGUAGE_STANDARD = gnu99;
				GCC_NO_COMMON_BLOCKS = YES;
				GCC_WARN_64_TO_32_BIT_CONVERSION = YES;
				GCC_WARN_ABOUT_RETURN_TYPE = YES_ERROR;
				GCC_WARN_UNDECLARED_SELECTOR = YES;
				GCC_WARN_UNINITIALIZED_AUTOS = YES_AGGRESSIVE;
				GCC_WARN_UNUSED_FUNCTION = YES;
				GCC_WARN_UNUSED_VARIABLE = YES;
				IPHONEOS_DEPLOYMENT_TARGET = 10.3;
				MTL_ENABLE_DEBUG_INFO = NO;
				SDKROOT = iphoneos;
				SWIFT_OPTIMIZATION_LEVEL = "-Owholemodule";
				VALIDATE_PRODUCT = YES;
			};
			name = Release;
		};
		36C0EC8E1EB00BFC0039B330 /* Debug */ = {
			isa = XCBuildConfiguration;
			buildSettings = {
				ASSETCATALOG_COMPILER_APPICON_NAME = AppIcon;
				DEVELOPMENT_TEAM = 5YJM63K9RT;
				INFOPLIST_FILE = TableViewWithMultipleCellTypes/Info.plist;
				LD_RUNPATH_SEARCH_PATHS = "$(inherited) @executable_path/Frameworks";
				PRODUCT_BUNDLE_IDENTIFIER = com.stan.ostrovskiy.TableViewWithMultipleCellTypes;
				PRODUCT_NAME = "$(TARGET_NAME)";
				SWIFT_VERSION = 3.0;
			};
			name = Debug;
		};
		36C0EC8F1EB00BFC0039B330 /* Release */ = {
			isa = XCBuildConfiguration;
			buildSettings = {
				ASSETCATALOG_COMPILER_APPICON_NAME = AppIcon;
				DEVELOPMENT_TEAM = 5YJM63K9RT;
				INFOPLIST_FILE = TableViewWithMultipleCellTypes/Info.plist;
				LD_RUNPATH_SEARCH_PATHS = "$(inherited) @executable_path/Frameworks";
				PRODUCT_BUNDLE_IDENTIFIER = com.stan.ostrovskiy.TableViewWithMultipleCellTypes;
				PRODUCT_NAME = "$(TARGET_NAME)";
				SWIFT_VERSION = 3.0;
			};
			name = Release;
		};
/* End XCBuildConfiguration section */

/* Begin XCConfigurationList section */
		36C0EC761EB00BFC0039B330 /* Build configuration list for PBXProject "TableViewWithMultipleCellTypes" */ = {
			isa = XCConfigurationList;
			buildConfigurations = (
				36C0EC8B1EB00BFC0039B330 /* Debug */,
				36C0EC8C1EB00BFC0039B330 /* Release */,
			);
			defaultConfigurationIsVisible = 0;
			defaultConfigurationName = Release;
		};
		36C0EC8D1EB00BFC0039B330 /* Build configuration list for PBXNativeTarget "TableViewWithMultipleCellTypes" */ = {
			isa = XCConfigurationList;
			buildConfigurations = (
				36C0EC8E1EB00BFC0039B330 /* Debug */,
				36C0EC8F1EB00BFC0039B330 /* Release */,
			);
			defaultConfigurationIsVisible = 0;
			defaultConfigurationName = Release;
		};
/* End XCConfigurationList section */
	};
	rootObject = 36C0EC731EB00BFB0039B330 /* Project object */;
}
